
Microsoft Visual Studio Solution File, Format Version 12.00
# Visual Studio 15
VisualStudioVersion = 15.0.28307.271
MinimumVisualStudioVersion = 10.0.40219.1
Project("{FAE04EC0-301F-11D3-BF4B-00C04F79EFBC}") = "WebCamMod", "WebCamMod\WebCamMod.csproj", "{78BCDB99-B286-450A-B047-2EFEFD3A8EF0}"
EndProject
Global
	GlobalSection(SolutionConfigurationPlatforms) = preSolution
		Debug|Any CPU = Debug|Any CPU
		Release|Any CPU = Release|Any CPU
	EndGlobalSection
	GlobalSection(ProjectConfigurationPlatforms) = postSolution
		{78BCDB99-B286-450A-B047-2EFEFD3A8EF0}.Debug|Any CPU.ActiveCfg = Debug|Any CPU
		{78BCDB99-B286-450A-B047-2EFEFD3A8EF0}.Debug|Any CPU.Build.0 = Debug|Any CPU
		{78BCDB99-B286-450A-B047-2EFEFD3A8EF0}.Release|Any CPU.ActiveCfg = Release|Any CPU
		{78BCDB99-B286-450A-B047-2EFEFD3A8EF0}.Release|Any CPU.Build.0 = Release|Any CPU
	EndGlobalSection
	GlobalSection(SolutionProperties) = preSolution
		HideSolutionNode = FALSE
	EndGlobalSection
	GlobalSection(ExtensibilityGlobals) = postSolution
		SolutionGuid = {B2BED3CF-CCFB-4113-93B7-6F30E44A9E3F}
	EndGlobalSection
EndGlobal
